
Microsoft Visual Studio Solution File, Format Version 12.00
# Visual Studio Version 16
VisualStudioVersion = 16.0.30503.244
MinimumVisualStudioVersion = 10.0.40219.1
Project("{FAE04EC0-301F-11D3-BF4B-00C04F79EFBC}") = "HA", "HA\HA.csproj", "{5ECEAB31-8977-4926-B63D-F44358C23462}"
EndProject
Global
	GlobalSection(SolutionConfigurationPlatforms) = preSolution
		Debug|Any CPU = Debug|Any CPU
		Release|Any CPU = Release|Any CPU
	EndGlobalSection
	GlobalSection(ProjectConfigurationPlatforms) = postSolution
		{5ECEAB31-8977-4926-B63D-F44358C23462}.Debug|Any CPU.ActiveCfg = Debug|Any CPU
		{5ECEAB31-8977-4926-B63D-F44358C23462}.Debug|Any CPU.Build.0 = Debug|Any CPU
		{5ECEAB31-8977-4926-B63D-F44358C23462}.Release|Any CPU.ActiveCfg = Release|Any CPU
		{5ECEAB31-8977-4926-B63D-F44358C23462}.Release|Any CPU.Build.0 = Release|Any CPU
	EndGlobalSection
	GlobalSection(SolutionProperties) = preSolution
		HideSolutionNode = FALSE
	EndGlobalSection
	GlobalSection(ExtensibilityGlobals) = postSolution
		SolutionGuid = {723561F6-2480-48B7-B4F0-7AE6CDAEEC11}
	EndGlobalSection
EndGlobal
